// !$*UTF8*$!
{
	archiveVersion = 1;
	classes = {
	};
	objectVersion = 46;
	objects = {

/* Begin PBXBuildFile section */
		A5AF816A1A55773000004845 /* shoeguru-banner-red.png in Resources */ = {isa = PBXBuildFile; fileRef = A5AF81691A55773000004845 /* shoeguru-banner-red.png */; };
		A5AF816C1A55773E00004845 /* photo.jpg.png in Resources */ = {isa = PBXBuildFile; fileRef = A5AF816B1A55773E00004845 /* photo.jpg.png */; };
		A5F7B3541A542B7F00376708 /* AppDelegate.swift in Sources */ = {isa = PBXBuildFile; fileRef = A5F7B3531A542B7F00376708 /* AppDelegate.swift */; };
		A5F7B3561A542B7F00376708 /* ViewController.swift in Sources */ = {isa = PBXBuildFile; fileRef = A5F7B3551A542B7F00376708 /* ViewController.swift */; };
		A5F7B3591A542B7F00376708 /* Main.storyboard in Resources */ = {isa = PBXBuildFile; fileRef = A5F7B3571A542B7F00376708 /* Main.storyboard */; };
		A5F7B35B1A542B7F00376708 /* Images.xcassets in Resources */ = {isa = PBXBuildFile; fileRef = A5F7B35A1A542B7F00376708 /* Images.xcassets */; };
		A5F7B35E1A542B7F00376708 /* LaunchScreen.xib in Resources */ = {isa = PBXBuildFile; fileRef = A5F7B35C1A542B7F00376708 /* LaunchScreen.xib */; };
		A5F7B36A1A542B7F00376708 /* ShoeConverterTests.swift in Sources */ = {isa = PBXBuildFile; fileRef = A5F7B3691A542B7F00376708 /* ShoeConverterTests.swift */; };
/* End PBXBuildFile section */

/* Begin PBXContainerItemProxy section */
		A5F7B3641A542B7F00376708 /* PBXContainerItemProxy */ = {
			isa = PBXContainerItemProxy;
			containerPortal = A5F7B3461A542B7F00376708 /* Project object */;
			proxyType = 1;
			remoteGlobalIDString = A5F7B34D1A542B7F00376708;
			remoteInfo = ShoeConverter;
		};
/* End PBXContainerItemProxy section */

/* Begin PBXFileReference section */
		A5AF81691A55773000004845 /* shoeguru-banner-red.png */ = {isa = PBXFileReference; lastKnownFileType = image.png; path = "shoeguru-banner-red.png"; sourceTree = "<group>"; };
		A5AF816B1A55773E00004845 /* photo.jpg.png */ = {isa = PBXFileReference; lastKnownFileType = image.png; path = photo.jpg.png; sourceTree = "<group>"; };
		A5F7B34E1A542B7F00376708 /* ShoeConverter.app */ = {isa = PBXFileReference; explicitFileType = wrapper.application; includeInIndex = 0; path = ShoeConverter.app; sourceTree = BUILT_PRODUCTS_DIR; };
		A5F7B3521A542B7F00376708 /* Info.plist */ = {isa = PBXFileReference; lastKnownFileType = text.plist.xml; path = Info.plist; sourceTree = "<group>"; };
		A5F7B3531A542B7F00376708 /* AppDelegate.swift */ = {isa = PBXFileReference; lastKnownFileType = sourcecode.swift; path = AppDelegate.swift; sourceTree = "<group>"; };
		A5F7B3551A542B7F00376708 /* ViewController.swift */ = {isa = PBXFileReference; lastKnownFileType = sourcecode.swift; path = ViewController.swift; sourceTree = "<group>"; };
		A5F7B3581A542B7F00376708 /* Base */ = {isa = PBXFileReference; lastKnownFileType = file.storyboard; name = Base; path = Base.lproj/Main.storyboard; sourceTree = "<group>"; };
		A5F7B35A1A542B7F00376708 /* Images.xcassets */ = {isa = PBXFileReference; lastKnownFileType = folder.assetcatalog; path = Images.xcassets; sourceTree = "<group>"; };
		A5F7B35D1A542B7F00376708 /* Base */ = {isa = PBXFileReference; lastKnownFileType = file.xib; name = Base; path = Base.lproj/LaunchScreen.xib; sourceTree = "<group>"; };
		A5F7B3631A542B7F00376708 /* ShoeConverterTests.xctest */ = {isa = PBXFileReference; explicitFileType = wrapper.cfbundle; includeInIndex = 0; path = ShoeConverterTests.xctest; sourceTree = BUILT_PRODUCTS_DIR; };
		A5F7B3681A542B7F00376708 /* Info.plist */ = {isa = PBXFileReference; lastKnownFileType = text.plist.xml; path = Info.plist; sourceTree = "<group>"; };
		A5F7B3691A542B7F00376708 /* ShoeConverterTests.swift */ = {isa = PBXFileReference; lastKnownFileType = sourcecode.swift; path = ShoeConverterTests.swift; sourceTree = "<group>"; };
/* End PBXFileReference section */

/* Begin PBXFrameworksBuildPhase section */
		A5F7B34B1A542B7F00376708 /* Frameworks */ = {
			isa = PBXFrameworksBuildPhase;
			buildActionMask = 2147483647;
			files = (
			);
			runOnlyForDeploymentPostprocessing = 0;
		};
		A5F7B3601A542B7F00376708 /* Frameworks */ = {
			isa = PBXFrameworksBuildPhase;
			buildActionMask = 2147483647;
			files = (
			);
			runOnlyForDeploymentPostprocessing = 0;
		};
/* End PBXFrameworksBuildPhase section */

/* Begin PBXGroup section */
		A5F7B3451A542B7F00376708 = {
			isa = PBXGroup;
			children = (
				A5F7B3501A542B7F00376708 /* ShoeConverter */,
				A5F7B3661A542B7F00376708 /* ShoeConverterTests */,
				A5F7B34F1A542B7F00376708 /* Products */,
			);
			sourceTree = "<group>";
		};
		A5F7B34F1A542B7F00376708 /* Products */ = {
			isa = PBXGroup;
			children = (
				A5F7B34E1A542B7F00376708 /* ShoeConverter.app */,
				A5F7B3631A542B7F00376708 /* ShoeConverterTests.xctest */,
			);
			name = Products;
			sourceTree = "<group>";
		};
		A5F7B3501A542B7F00376708 /* ShoeConverter */ = {
			isa = PBXGroup;
			children = (
				A5F7B3531A542B7F00376708 /* AppDelegate.swift */,
				A5F7B3551A542B7F00376708 /* ViewController.swift */,
				A5F7B3571A542B7F00376708 /* Main.storyboard */,
				A5F7B35A1A542B7F00376708 /* Images.xcassets */,
				A5F7B35C1A542B7F00376708 /* LaunchScreen.xib */,
				A5F7B3511A542B7F00376708 /* Supporting Files */,
			);
			path = ShoeConverter;
			sourceTree = "<group>";
		};
		A5F7B3511A542B7F00376708 /* Supporting Files */ = {
			isa = PBXGroup;
			children = (
				A5AF816B1A55773E00004845 /* photo.jpg.png */,
				A5AF81691A55773000004845 /* shoeguru-banner-red.png */,
				A5F7B3521A542B7F00376708 /* Info.plist */,
			);
			name = "Supporting Files";
			sourceTree = "<group>";
		};
		A5F7B3661A542B7F00376708 /* ShoeConverterTests */ = {
			isa = PBXGroup;
			children = (
				A5F7B3691A542B7F00376708 /* ShoeConverterTests.swift */,
				A5F7B3671A542B7F00376708 /* Supporting Files */,
			);
			path = ShoeConverterTests;
			sourceTree = "<group>";
		};
		A5F7B3671A542B7F00376708 /* Supporting Files */ = {
			isa = PBXGroup;
			children = (
				A5F7B3681A542B7F00376708 /* Info.plist */,
			);
			name = "Supporting Files";
			sourceTree = "<group>";
		};
/* End PBXGroup section */

/* Begin PBXNativeTarget section */
		A5F7B34D1A542B7F00376708 /* ShoeConverter */ = {
			isa = PBXNativeTarget;
			buildConfigurationList = A5F7B36D1A542B7F00376708 /* Build configuration list for PBXNativeTarget "ShoeConverter" */;
			buildPhases = (
				A5F7B34A1A542B7F00376708 /* Sources */,
				A5F7B34B1A542B7F00376708 /* Frameworks */,
				A5F7B34C1A542B7F00376708 /* Resources */,
			);
			buildRules = (
			);
			dependencies = (
			);
			name = ShoeConverter;
			productName = ShoeConverter;
			productReference = A5F7B34E1A542B7F00376708 /* ShoeConverter.app */;
			productType = "com.apple.product-type.application";
		};
		A5F7B3621A542B7F00376708 /* ShoeConverterTests */ = {
			isa = PBXNativeTarget;
			buildConfigurationList = A5F7B3701A542B7F00376708 /* Build configuration list for PBXNativeTarget "ShoeConverterTests" */;
			buildPhases = (
				A5F7B35F1A542B7F00376708 /* Sources */,
				A5F7B3601A542B7F00376708 /* Frameworks */,
				A5F7B3611A542B7F00376708 /* Resources */,
			);
			buildRules = (
			);
			dependencies = (
				A5F7B3651A542B7F00376708 /* PBXTargetDependency */,
			);
			name = ShoeConverterTests;
			productName = ShoeConverterTests;
			productReference = A5F7B3631A542B7F00376708 /* ShoeConverterTests.xctest */;
			productType = "com.apple.product-type.bundle.unit-test";
		};
/* End PBXNativeTarget section */

/* Begin PBXProject section */
		A5F7B3461A542B7F00376708 /* Project object */ = {
			isa = PBXProject;
			attributes = {
				LastUpgradeCheck = 0600;
				ORGANIZATIONNAME = "Michael Panayiotou";
				TargetAttributes = {
					A5F7B34D1A542B7F00376708 = {
						CreatedOnToolsVersion = 6.0.1;
					};
					A5F7B3621A542B7F00376708 = {
						CreatedOnToolsVersion = 6.0.1;
						TestTargetID = A5F7B34D1A542B7F00376708;
					};
				};
			};
			buildConfigurationList = A5F7B3491A542B7F00376708 /* Build configuration list for PBXProject "ShoeConverter" */;
			compatibilityVersion = "Xcode 3.2";
			developmentRegion = English;
			hasScannedForEncodings = 0;
			knownRegions = (
				en,
				Base,
			);
			mainGroup = A5F7B3451A542B7F00376708;
			productRefGroup = A5F7B34F1A542B7F00376708 /* Products */;
			projectDirPath = "";
			projectRoot = "";
			targets = (
				A5F7B34D1A542B7F00376708 /* ShoeConverter */,
				A5F7B3621A542B7F00376708 /* ShoeConverterTests */,
			);
		};
/* End PBXProject section */

/* Begin PBXResourcesBuildPhase section */
		A5F7B34C1A542B7F00376708 /* Resources */ = {
			isa = PBXResourcesBuildPhase;
			buildActionMask = 2147483647;
			files = (
				A5AF816C1A55773E00004845 /* photo.jpg.png in Resources */,
				A5F7B3591A542B7F00376708 /* Main.storyboard in Resources */,
				A5F7B35E1A542B7F00376708 /* LaunchScreen.xib in Resources */,
				A5F7B35B1A542B7F00376708 /* Images.xcassets in Resources */,
				A5AF816A1A55773000004845 /* shoeguru-banner-red.png in Resources */,
			);
			runOnlyForDeploymentPostprocessing = 0;
		};
		A5F7B3611A542B7F00376708 /* Resources */ = {
			isa = PBXResourcesBuildPhase;
			buildActionMask = 2147483647;
			files = (
			);
			runOnlyForDeploymentPostprocessing = 0;
		};
/* End PBXResourcesBuildPhase section */

/* Begin PBXSourcesBuildPhase section */
		A5F7B34A1A542B7F00376708 /* Sources */ = {
			isa = PBXSourcesBuildPhase;
			buildActionMask = 2147483647;
			files = (
				A5F7B3561A542B7F00376708 /* ViewController.swift in Sources */,
				A5F7B3541A542B7F00376708 /* AppDelegate.swift in Sources */,
			);
			runOnlyForDeploymentPostprocessing = 0;
		};
		A5F7B35F1A542B7F00376708 /* Sources */ = {
			isa = PBXSourcesBuildPhase;
			buildActionMask = 2147483647;
			files = (
				A5F7B36A1A542B7F00376708 /* ShoeConverterTests.swift in Sources */,
			);
			runOnlyForDeploymentPostprocessing = 0;
		};
/* End PBXSourcesBuildPhase section */

/* Begin PBXTargetDependency section */
		A5F7B3651A542B7F00376708 /* PBXTargetDependency */ = {
			isa = PBXTargetDependency;
			target = A5F7B34D1A542B7F00376708 /* ShoeConverter */;
			targetProxy = A5F7B3641A542B7F00376708 /* PBXContainerItemProxy */;
		};
/* End PBXTargetDependency section */

/* Begin PBXVariantGroup section */
		A5F7B3571A542B7F00376708 /* Main.storyboard */ = {
			isa = PBXVariantGroup;
			children = (
				A5F7B3581A542B7F00376708 /* Base */,
			);
			name = Main.storyboard;
			sourceTree = "<group>";
		};
		A5F7B35C1A542B7F00376708 /* LaunchScreen.xib */ = {
			isa = PBXVariantGroup;
			children = (
				A5F7B35D1A542B7F00376708 /* Base */,
			);
			name = LaunchScreen.xib;
			sourceTree = "<group>";
		};
/* End PBXVariantGroup section */

/* Begin XCBuildConfiguration section */
		A5F7B36B1A542B7F00376708 /* Debug */ = {
			isa = XCBuildConfiguration;
			buildSettings = {
				ALWAYS_SEARCH_USER_PATHS = NO;
				CLANG_CXX_LANGUAGE_STANDARD = "gnu++0x";
				CLANG_CXX_LIBRARY = "libc++";
				CLANG_ENABLE_MODULES = YES;
				CLANG_ENABLE_OBJC_ARC = YES;
				CLANG_WARN_BOOL_CONVERSION = YES;
				CLANG_WARN_CONSTANT_CONVERSION = YES;
				CLANG_WARN_DIRECT_OBJC_ISA_USAGE = YES_ERROR;
				CLANG_WARN_EMPTY_BODY = YES;
				CLANG_WARN_ENUM_CONVERSION = YES;
				CLANG_WARN_INT_CONVERSION = YES;
				CLANG_WARN_OBJC_ROOT_CLASS = YES_ERROR;
				CLANG_WARN_UNREACHABLE_CODE = YES;
				CLANG_WARN__DUPLICATE_METHOD_MATCH = YES;
				"CODE_SIGN_IDENTITY[sdk=iphoneos*]" = "iPhone Developer";
				COPY_PHASE_STRIP = NO;
				ENABLE_STRICT_OBJC_MSGSEND = YES;
				GCC_C_LANGUAGE_STANDARD = gnu99;
				GCC_DYNAMIC_NO_PIC = NO;
				GCC_OPTIMIZATION_LEVEL = 0;
				GCC_PREPROCESSOR_DEFINITIONS = (
					"DEBUG=1",
					"$(inherited)",
				);
				GCC_SYMBOLS_PRIVATE_EXTERN = NO;
				GCC_WARN_64_TO_32_BIT_CONVERSION = YES;
				GCC_WARN_ABOUT_RETURN_TYPE = YES_ERROR;
				GCC_WARN_UNDECLARED_SELECTOR = YES;
				GCC_WARN_UNINITIALIZED_AUTOS = YES_AGGRESSIVE;
				GCC_WARN_UNUSED_FUNCTION = YES;
				GCC_WARN_UNUSED_VARIABLE = YES;
				IPHONEOS_DEPLOYMENT_TARGET = 8.0;
				MTL_ENABLE_DEBUG_INFO = YES;
				ONLY_ACTIVE_ARCH = YES;
				SDKROOT = iphoneos;
				SWIFT_OPTIMIZATION_LEVEL = "-Onone";
				TARGETED_DEVICE_FAMILY = "1,2";
			};
			name = Debug;
		};
		A5F7B36C1A542B7F00376708 /* Release */ = {
			isa = XCBuildConfiguration;
			buildSettings = {
				ALWAYS_SEARCH_USER_PATHS = NO;
				CLANG_CXX_LANGUAGE_STANDARD = "gnu++0x";
				CLANG_CXX_LIBRARY = "libc++";
				CLANG_ENABLE_MODULES = YES;
				CLANG_ENABLE_OBJC_ARC = YES;
				CLANG_WARN_BOOL_CONVERSION = YES;
				CLANG_WARN_CONSTANT_CONVERSION = YES;
				CLANG_WARN_DIRECT_OBJC_ISA_USAGE = YES_ERROR;
				CLANG_WARN_EMPTY_BODY = YES;
				CLANG_WARN_ENUM_CONVERSION = YES;
				CLANG_WARN_INT_CONVERSION = YES;
				CLANG_WARN_OBJC_ROOT_CLASS = YES_ERROR;
				CLANG_WARN_UNREACHABLE_CODE = YES;
				CLANG_WARN__DUPLICATE_METHOD_MATCH = YES;
				"CODE_SIGN_IDENTITY[sdk=iphoneos*]" = "iPhone Developer";
				COPY_PHASE_STRIP = YES;
				ENABLE_NS_ASSERTIONS = NO;
				ENABLE_STRICT_OBJC_MSGSEND = YES;
				GCC_C_LANGUAGE_STANDARD = gnu99;
				GCC_WARN_64_TO_32_BIT_CONVERSION = YES;
				GCC_WARN_ABOUT_RETURN_TYPE = YES_ERROR;
				GCC_WARN_UNDECLARED_SELECTOR = YES;
				GCC_WARN_UNINITIALIZED_AUTOS = YES_AGGRESSIVE;
				GCC_WARN_UNUSED_FUNCTION = YES;
				GCC_WARN_UNUSED_VARIABLE = YES;
				IPHONEOS_DEPLOYMENT_TARGET = 8.0;
				MTL_ENABLE_DEBUG_INFO = NO;
				SDKROOT = iphoneos;
				TARGETED_DEVICE_FAMILY = "1,2";
				VALIDATE_PRODUCT = YES;
			};
			name = Release;
		};
		A5F7B36E1A542B7F00376708 /* Debug */ = {
			isa = XCBuildConfiguration;
			buildSettings = {
				ASSETCATALOG_COMPILER_APPICON_NAME = AppIcon;
				INFOPLIST_FILE = ShoeConverter/Info.plist;
				LD_RUNPATH_SEARCH_PATHS = "$(inherited) @executable_path/Frameworks";
				PRODUCT_NAME = "$(TARGET_NAME)";
			};
			name = Debug;
		};
		A5F7B36F1A542B7F00376708 /* Release */ = {
			isa = XCBuildConfiguration;
			buildSettings = {
				ASSETCATALOG_COMPILER_APPICON_NAME = AppIcon;
				INFOPLIST_FILE = ShoeConverter/Info.plist;
				LD_RUNPATH_SEARCH_PATHS = "$(inherited) @executable_path/Frameworks";
				PRODUCT_NAME = "$(TARGET_NAME)";
			};
			name = Release;
		};
		A5F7B3711A542B7F00376708 /* Debug */ = {
			isa = XCBuildConfiguration;
			buildSettings = {
				BUNDLE_LOADER = "$(TEST_HOST)";
				FRAMEWORK_SEARCH_PATHS = (
					"$(SDKROOT)/Developer/Library/Frameworks",
					"$(inherited)",
				);
				GCC_PREPROCESSOR_DEFINITIONS = (
					"DEBUG=1",
					"$(inherited)",
				);
				INFOPLIST_FILE = ShoeConverterTests/Info.plist;
				LD_RUNPATH_SEARCH_PATHS = "$(inherited) @executable_path/Frameworks @loader_path/Frameworks";
				PRODUCT_NAME = "$(TARGET_NAME)";
				TEST_HOST = "$(BUILT_PRODUCTS_DIR)/ShoeConverter.app/ShoeConverter";
			};
			name = Debug;
		};
		A5F7B3721A542B7F00376708 /* Release */ = {
			isa = XCBuildConfiguration;
			buildSettings = {
				BUNDLE_LOADER = "$(TEST_HOST)";
				FRAMEWORK_SEARCH_PATHS = (
					"$(SDKROOT)/Developer/Library/Frameworks",
					"$(inherited)",
				);
				INFOPLIST_FILE = ShoeConverterTests/Info.plist;
				LD_RUNPATH_SEARCH_PATHS = "$(inherited) @executable_path/Frameworks @loader_path/Frameworks";
				PRODUCT_NAME = "$(TARGET_NAME)";
				TEST_HOST = "$(BUILT_PRODUCTS_DIR)/ShoeConverter.app/ShoeConverter";
			};
			name = Release;
		};
/* End XCBuildConfiguration section */

/* Begin XCConfigurationList section */
		A5F7B3491A542B7F00376708 /* Build configuration list for PBXProject "ShoeConverter" */ = {
			isa = XCConfigurationList;
			buildConfigurations = (
				A5F7B36B1A542B7F00376708 /* Debug */,
				A5F7B36C1A542B7F00376708 /* Release */,
			);
			defaultConfigurationIsVisible = 0;
			defaultConfigurationName = Release;
		};
		A5F7B36D1A542B7F00376708 /* Build configuration list for PBXNativeTarget "ShoeConverter" */ = {
			isa = XCConfigurationList;
			buildConfigurations = (
				A5F7B36E1A542B7F00376708 /* Debug */,
				A5F7B36F1A542B7F00376708 /* Release */,
			);
			defaultConfigurationIsVisible = 0;
			defaultConfigurationName = Release;
		};
		A5F7B3701A542B7F00376708 /* Build configuration list for PBXNativeTarget "ShoeConverterTests" */ = {
			isa = XCConfigurationList;
			buildConfigurations = (
				A5F7B3711A542B7F00376708 /* Debug */,
				A5F7B3721A542B7F00376708 /* Release */,
			);
			defaultConfigurationIsVisible = 0;
			defaultConfigurationName = Release;
		};
/* End XCConfigurationList section */
	};
	rootObject = A5F7B3461A542B7F00376708 /* Project object */;
}
